
Microsoft Visual Studio Solution File, Format Version 12.00
# Visual Studio Version 17
VisualStudioVersion = 17.3.32922.545
MinimumVisualStudioVersion = 10.0.40219.1
Project("{9A19103F-16F7-4668-BE54-9A1E7A4F7556}") = "FoodRecipesWebAPI", "FoodRecipesWebAPI\FoodRecipesWebAPI.csproj", "{A8394DC3-5661-4603-9CC9-12687250A4DC}"
EndProject
Project("{FAE04EC0-301F-11D3-BF4B-00C04F79EFBC}") = "FoodRecipesWebAPI.Test", "TestsProject\FoodRecipesWebAPI.Test.csproj", "{041AEE7B-A2F4-4FFD-9B1C-5645D561CE50}"
EndProject
Global
	GlobalSection(SolutionConfigurationPlatforms) = preSolution
		Debug|Any CPU = Debug|Any CPU
		Release|Any CPU = Release|Any CPU
	EndGlobalSection
	GlobalSection(ProjectConfigurationPlatforms) = postSolution
		{A8394DC3-5661-4603-9CC9-12687250A4DC}.Debug|Any CPU.ActiveCfg = Debug|Any CPU
		{A8394DC3-5661-4603-9CC9-12687250A4DC}.Debug|Any CPU.Build.0 = Debug|Any CPU
		{A8394DC3-5661-4603-9CC9-12687250A4DC}.Release|Any CPU.ActiveCfg = Release|Any CPU
		{A8394DC3-5661-4603-9CC9-12687250A4DC}.Release|Any CPU.Build.0 = Release|Any CPU
		{041AEE7B-A2F4-4FFD-9B1C-5645D561CE50}.Debug|Any CPU.ActiveCfg = Debug|Any CPU
		{041AEE7B-A2F4-4FFD-9B1C-5645D561CE50}.Debug|Any CPU.Build.0 = Debug|Any CPU
		{041AEE7B-A2F4-4FFD-9B1C-5645D561CE50}.Release|Any CPU.ActiveCfg = Release|Any CPU
		{041AEE7B-A2F4-4FFD-9B1C-5645D561CE50}.Release|Any CPU.Build.0 = Release|Any CPU
	EndGlobalSection
	GlobalSection(SolutionProperties) = preSolution
		HideSolutionNode = FALSE
	EndGlobalSection
	GlobalSection(ExtensibilityGlobals) = postSolution
		SolutionGuid = {704955CA-47B2-4457-8F4B-18ECAFF792FB}
	EndGlobalSection
EndGlobal
